// !$*UTF8*$!
{
	archiveVersion = 1;
	classes = {
	};
	objectVersion = 46;
	objects = {

/* Begin PBXBuildFile section */
		A83878DA18A0367C00B386D6 /* Foundation.framework in Frameworks */ = {isa = PBXBuildFile; fileRef = A89D8FE617CFFDCE0077F2B5 /* Foundation.framework */; };
		A83878DC18A0367C00B386D6 /* CoreGraphics.framework in Frameworks */ = {isa = PBXBuildFile; fileRef = A83878DB18A0367C00B386D6 /* CoreGraphics.framework */; };
		A83878E418A0367C00B386D6 /* InfoPlist.strings in Resources */ = {isa = PBXBuildFile; fileRef = A83878E218A0367C00B386D6 /* InfoPlist.strings */; };
		A881852618A9B512002803FC /* UIKit.framework in Frameworks */ = {isa = PBXBuildFile; fileRef = A881852518A9B512002803FC /* UIKit.framework */; };
		A881853918A9B609002803FC /* CGTAAppDelegate.m in Sources */ = {isa = PBXBuildFile; fileRef = A83878E918A0367C00B386D6 /* CGTAAppDelegate.m */; };
		A881853A18A9B614002803FC /* Images.xcassets in Resources */ = {isa = PBXBuildFile; fileRef = A83878F418A0367C00B386D6 /* Images.xcassets */; };
		A881853C18A9B622002803FC /* CGTAMasterViewController.m in Sources */ = {isa = PBXBuildFile; fileRef = A83878EF18A0367C00B386D6 /* CGTAMasterViewController.m */; };
		A881853D18A9B622002803FC /* CGTADetailViewController.m in Sources */ = {isa = PBXBuildFile; fileRef = A83878F218A0367C00B386D6 /* CGTADetailViewController.m */; };
		A881854118A9B622002803FC /* CGTAImagesCatalog+RuntimeHackery.m in Sources */ = {isa = PBXBuildFile; fileRef = A838793518A05B6D00B386D6 /* CGTAImagesCatalog+RuntimeHackery.m */; };
		A881854218A9B622002803FC /* main.m in Sources */ = {isa = PBXBuildFile; fileRef = A83878E518A0367C00B386D6 /* main.m */; };
		A881854418A9B663002803FC /* Main.storyboard in Resources */ = {isa = PBXBuildFile; fileRef = A83878EB18A0367C00B386D6 /* Main.storyboard */; };
		BD80FDCF1B855C9F0014B78B /* Localizable.strings in Resources */ = {isa = PBXBuildFile; fileRef = BD80FDD11B855C9F0014B78B /* Localizable.strings */; };
		BD80FDF01B8585E30014B78B /* CGTAFonts.m in Sources */ = {isa = PBXBuildFile; fileRef = BD80FDEF1B8585E30014B78B /* CGTAFonts.m */; };
		BDE896A81D3A922800231DC3 /* CGTAColors.m in Sources */ = {isa = PBXBuildFile; fileRef = BDE896A71D3A922800231DC3 /* CGTAColors.m */; };
		BDE896AE1D3A9A4800231DC3 /* CGTAFonts.swift in Sources */ = {isa = PBXBuildFile; fileRef = BDE896AD1D3A9A4800231DC3 /* CGTAFonts.swift */; };
		BDE896B01D3A9A4E00231DC3 /* CGTAColors.swift in Sources */ = {isa = PBXBuildFile; fileRef = BDE896AF1D3A9A4E00231DC3 /* CGTAColors.swift */; };
		BDE896C51D3B163700231DC3 /* NoTranslation.strings in Resources */ = {isa = PBXBuildFile; fileRef = BDE896C31D3B163700231DC3 /* NoTranslation.strings */; };
		BDE896C91D3B171200231DC3 /* CGTAImages.m in Sources */ = {isa = PBXBuildFile; fileRef = BDE896C71D3B171200231DC3 /* CGTAImages.m */; };
		BDE896CA1D3B171200231DC3 /* CGTAImages.swift in Sources */ = {isa = PBXBuildFile; fileRef = BDE896C81D3B171200231DC3 /* CGTAImages.swift */; };
		BDE896CE1D3B171B00231DC3 /* CGTAIdentifiers.m in Sources */ = {isa = PBXBuildFile; fileRef = BDE896CC1D3B171B00231DC3 /* CGTAIdentifiers.m */; };
		BDE896CF1D3B171B00231DC3 /* CGTAIdentifiers.swift in Sources */ = {isa = PBXBuildFile; fileRef = BDE896CD1D3B171B00231DC3 /* CGTAIdentifiers.swift */; };
		BDE896D31D3B172200231DC3 /* CGTAStrings.m in Sources */ = {isa = PBXBuildFile; fileRef = BDE896D11D3B172200231DC3 /* CGTAStrings.m */; };
		BDE896D41D3B172200231DC3 /* CGTAStrings.swift in Sources */ = {isa = PBXBuildFile; fileRef = BDE896D21D3B172200231DC3 /* CGTAStrings.swift */; };
		BDFA8B1E18CE4EC10087BB74 /* tracfk.ttf in Resources */ = {isa = PBXBuildFile; fileRef = BDFA8B1D18CE4EC10087BB74 /* tracfk.ttf */; };
/* End PBXBuildFile section */

/* Begin PBXContainerItemProxy section */
		A881852D18A9B520002803FC /* PBXContainerItemProxy */ = {
			isa = PBXContainerItemProxy;
			containerPortal = A881852718A9B520002803FC /* codegenutils.xcodeproj */;
			proxyType = 2;
			remoteGlobalIDString = A89D8FE317CFFDCE0077F2B5;
			remoteInfo = assetgen;
		};
		A881853118A9B520002803FC /* PBXContainerItemProxy */ = {
			isa = PBXContainerItemProxy;
			containerPortal = A881852718A9B520002803FC /* codegenutils.xcodeproj */;
			proxyType = 2;
			remoteGlobalIDString = A838791F18A04BF700B386D6;
			remoteInfo = identifierconstants;
		};
		A881853318A9B53F002803FC /* PBXContainerItemProxy */ = {
			isa = PBXContainerItemProxy;
			containerPortal = A881852718A9B520002803FC /* codegenutils.xcodeproj */;
			proxyType = 1;
			remoteGlobalIDString = A89D8FE217CFFDCE0077F2B5;
			remoteInfo = assetgen;
		};
		A881853718A9B53F002803FC /* PBXContainerItemProxy */ = {
			isa = PBXContainerItemProxy;
			containerPortal = A881852718A9B520002803FC /* codegenutils.xcodeproj */;
			proxyType = 1;
			remoteGlobalIDString = A838791E18A04BF700B386D6;
			remoteInfo = identifierconstants;
		};
		BD80FDE61B856E760014B78B /* PBXContainerItemProxy */ = {
			isa = PBXContainerItemProxy;
			containerPortal = A881852718A9B520002803FC /* codegenutils.xcodeproj */;
			proxyType = 1;
			remoteGlobalIDString = BD80FDD21B856BD90014B78B;
			remoteInfo = stringslocalized;
		};
		BD80FDE91B856E760014B78B /* PBXContainerItemProxy */ = {
			isa = PBXContainerItemProxy;
			containerPortal = A881852718A9B520002803FC /* codegenutils.xcodeproj */;
			proxyType = 2;
			remoteGlobalIDString = BD80FDDD1B856BD90014B78B;
			remoteInfo = stringslocalized;
		};
		BDA8B7F8192ABB6F00F18A49 /* PBXContainerItemProxy */ = {
			isa = PBXContainerItemProxy;
			containerPortal = A881852718A9B520002803FC /* codegenutils.xcodeproj */;
			proxyType = 2;
			remoteGlobalIDString = BDA8B7EB192AB25600F18A49;
			remoteInfo = assetverify;
		};
		BDA8B7FA192ABC6400F18A49 /* PBXContainerItemProxy */ = {
			isa = PBXContainerItemProxy;
			containerPortal = A881852718A9B520002803FC /* codegenutils.xcodeproj */;
			proxyType = 1;
			remoteGlobalIDString = BDA8B7E0192AB25600F18A49;
			remoteInfo = assetverify;
		};
		BDE896A01D3A8BB600231DC3 /* PBXContainerItemProxy */ = {
			isa = PBXContainerItemProxy;
			containerPortal = A881852718A9B520002803FC /* codegenutils.xcodeproj */;
			proxyType = 2;
			remoteGlobalIDString = BDE8969C1D3A8B2300231DC3;
			remoteInfo = colorlist;
		};
		BDE896A21D3A8BCF00231DC3 /* PBXContainerItemProxy */ = {
			isa = PBXContainerItemProxy;
			containerPortal = A881852718A9B520002803FC /* codegenutils.xcodeproj */;
			proxyType = 1;
			remoteGlobalIDString = BDE896911D3A8B2300231DC3;
			remoteInfo = colorlist;
		};
		BDFA8B1618CE47970087BB74 /* PBXContainerItemProxy */ = {
			isa = PBXContainerItemProxy;
			containerPortal = A881852718A9B520002803FC /* codegenutils.xcodeproj */;
			proxyType = 1;
			remoteGlobalIDString = BDC4D70718CE443D00C439FC;
			remoteInfo = customfontlist;
		};
		BDFA8B1918CE47970087BB74 /* PBXContainerItemProxy */ = {
			isa = PBXContainerItemProxy;
			containerPortal = A881852718A9B520002803FC /* codegenutils.xcodeproj */;
			proxyType = 2;
			remoteGlobalIDString = BDC4D71218CE443D00C439FC;
			remoteInfo = customfontlist;
		};
/* End PBXContainerItemProxy section */

/* Begin PBXFileReference section */
		A83878D918A0367C00B386D6 /* CodeGenTestApp.app */ = {isa = PBXFileReference; explicitFileType = wrapper.application; includeInIndex = 0; path = CodeGenTestApp.app; sourceTree = BUILT_PRODUCTS_DIR; };
		A83878DB18A0367C00B386D6 /* CoreGraphics.framework */ = {isa = PBXFileReference; lastKnownFileType = wrapper.framework; name = CoreGraphics.framework; path = System/Library/Frameworks/CoreGraphics.framework; sourceTree = SDKROOT; };
		A83878E118A0367C00B386D6 /* CodeGenTestApp-Info.plist */ = {isa = PBXFileReference; lastKnownFileType = text.plist.xml; path = "CodeGenTestApp-Info.plist"; sourceTree = "<group>"; };
		A83878E318A0367C00B386D6 /* en */ = {isa = PBXFileReference; lastKnownFileType = text.plist.strings; name = en; path = en.lproj/InfoPlist.strings; sourceTree = "<group>"; };
		A83878E518A0367C00B386D6 /* main.m */ = {isa = PBXFileReference; lastKnownFileType = sourcecode.c.objc; path = main.m; sourceTree = "<group>"; };
		A83878E718A0367C00B386D6 /* CodeGenTestApp-Prefix.pch */ = {isa = PBXFileReference; lastKnownFileType = sourcecode.c.h; path = "CodeGenTestApp-Prefix.pch"; sourceTree = "<group>"; };
		A83878E818A0367C00B386D6 /* CGTAAppDelegate.h */ = {isa = PBXFileReference; lastKnownFileType = sourcecode.c.h; path = CGTAAppDelegate.h; sourceTree = "<group>"; };
		A83878E918A0367C00B386D6 /* CGTAAppDelegate.m */ = {isa = PBXFileReference; lastKnownFileType = sourcecode.c.objc; path = CGTAAppDelegate.m; sourceTree = "<group>"; };
		A83878EC18A0367C00B386D6 /* Base */ = {isa = PBXFileReference; lastKnownFileType = file.storyboard; name = Base; path = Base.lproj/Main.storyboard; sourceTree = "<group>"; };
		A83878EE18A0367C00B386D6 /* CGTAMasterViewController.h */ = {isa = PBXFileReference; lastKnownFileType = sourcecode.c.h; path = CGTAMasterViewController.h; sourceTree = "<group>"; };
		A83878EF18A0367C00B386D6 /* CGTAMasterViewController.m */ = {isa = PBXFileReference; lastKnownFileType = sourcecode.c.objc; path = CGTAMasterViewController.m; sourceTree = "<group>"; };
		A83878F118A0367C00B386D6 /* CGTADetailViewController.h */ = {isa = PBXFileReference; lastKnownFileType = sourcecode.c.h; path = CGTADetailViewController.h; sourceTree = "<group>"; };
		A83878F218A0367C00B386D6 /* CGTADetailViewController.m */ = {isa = PBXFileReference; lastKnownFileType = sourcecode.c.objc; path = CGTADetailViewController.m; sourceTree = "<group>"; };
		A83878F418A0367C00B386D6 /* Images.xcassets */ = {isa = PBXFileReference; lastKnownFileType = folder.assetcatalog; path = Images.xcassets; sourceTree = "<group>"; };
		A83878FB18A0367C00B386D6 /* XCTest.framework */ = {isa = PBXFileReference; lastKnownFileType = wrapper.framework; name = XCTest.framework; path = Library/Frameworks/XCTest.framework; sourceTree = DEVELOPER_DIR; };
		A838793418A05B6D00B386D6 /* CGTAImagesCatalog+RuntimeHackery.h */ = {isa = PBXFileReference; fileEncoding = 4; lastKnownFileType = sourcecode.c.h; name = "CGTAImagesCatalog+RuntimeHackery.h"; path = "../CGTAImagesCatalog+RuntimeHackery.h"; sourceTree = "<group>"; };
		A838793518A05B6D00B386D6 /* CGTAImagesCatalog+RuntimeHackery.m */ = {isa = PBXFileReference; fileEncoding = 4; lastKnownFileType = sourcecode.c.objc; name = "CGTAImagesCatalog+RuntimeHackery.m"; path = "../CGTAImagesCatalog+RuntimeHackery.m"; sourceTree = "<group>"; };
		A881852518A9B512002803FC /* UIKit.framework */ = {isa = PBXFileReference; lastKnownFileType = wrapper.framework; name = UIKit.framework; path = Platforms/iPhoneOS.platform/Developer/SDKs/iPhoneOS7.0.sdk/System/Library/Frameworks/UIKit.framework; sourceTree = DEVELOPER_DIR; };
		A881852718A9B520002803FC /* codegenutils.xcodeproj */ = {isa = PBXFileReference; lastKnownFileType = "wrapper.pb-project"; name = codegenutils.xcodeproj; path = ../codegenutils.xcodeproj; sourceTree = "<group>"; };
		A89D8FE617CFFDCE0077F2B5 /* Foundation.framework */ = {isa = PBXFileReference; lastKnownFileType = wrapper.framework; name = Foundation.framework; path = System/Library/Frameworks/Foundation.framework; sourceTree = SDKROOT; };
		BD80FDD01B855C9F0014B78B /* Base */ = {isa = PBXFileReference; lastKnownFileType = text.plist.strings; name = Base; path = Base.lproj/Localizable.strings; sourceTree = "<group>"; };
		BD80FDEE1B8585E30014B78B /* CGTAFonts.h */ = {isa = PBXFileReference; fileEncoding = 4; lastKnownFileType = sourcecode.c.h; path = CGTAFonts.h; sourceTree = "<group>"; };
		BD80FDEF1B8585E30014B78B /* CGTAFonts.m */ = {isa = PBXFileReference; fileEncoding = 4; lastKnownFileType = sourcecode.c.objc; path = CGTAFonts.m; sourceTree = "<group>"; };
		BD80FDF41B858D800014B78B /* fr */ = {isa = PBXFileReference; lastKnownFileType = text.plist.strings; name = fr; path = fr.lproj/Localizable.strings; sourceTree = "<group>"; };
		BD9C6ECA194B7A4F0024E368 /* CodeGenTestApp-Bridging-Header.h */ = {isa = PBXFileReference; lastKnownFileType = sourcecode.c.h; path = "CodeGenTestApp-Bridging-Header.h"; sourceTree = "<group>"; };
		BDE896A41D3A8D7400231DC3 /* Colors.colors */ = {isa = PBXFileReference; fileEncoding = 4; lastKnownFileType = text; path = Colors.colors; sourceTree = "<group>"; };
		BDE896A61D3A922800231DC3 /* CGTAColors.h */ = {isa = PBXFileReference; fileEncoding = 4; lastKnownFileType = sourcecode.c.h; path = CGTAColors.h; sourceTree = "<group>"; };
		BDE896A71D3A922800231DC3 /* CGTAColors.m */ = {isa = PBXFileReference; fileEncoding = 4; lastKnownFileType = sourcecode.c.objc; path = CGTAColors.m; sourceTree = "<group>"; };
		BDE896AD1D3A9A4800231DC3 /* CGTAFonts.swift */ = {isa = PBXFileReference; fileEncoding = 4; lastKnownFileType = sourcecode.swift; path = CGTAFonts.swift; sourceTree = "<group>"; };
		BDE896AF1D3A9A4E00231DC3 /* CGTAColors.swift */ = {isa = PBXFileReference; fileEncoding = 4; lastKnownFileType = sourcecode.swift; path = CGTAColors.swift; sourceTree = "<group>"; };
		BDE896C41D3B163700231DC3 /* Base */ = {isa = PBXFileReference; lastKnownFileType = text.plist.strings; name = Base; path = Base.lproj/NoTranslation.strings; sourceTree = "<group>"; };
		BDE896C61D3B171200231DC3 /* CGTAImages.h */ = {isa = PBXFileReference; fileEncoding = 4; lastKnownFileType = sourcecode.c.h; path = CGTAImages.h; sourceTree = "<group>"; };
		BDE896C71D3B171200231DC3 /* CGTAImages.m */ = {isa = PBXFileReference; fileEncoding = 4; lastKnownFileType = sourcecode.c.objc; path = CGTAImages.m; sourceTree = "<group>"; };
		BDE896C81D3B171200231DC3 /* CGTAImages.swift */ = {isa = PBXFileReference; fileEncoding = 4; lastKnownFileType = sourcecode.swift; path = CGTAImages.swift; sourceTree = "<group>"; };
		BDE896CB1D3B171B00231DC3 /* CGTAIdentifiers.h */ = {isa = PBXFileReference; fileEncoding = 4; lastKnownFileType = sourcecode.c.h; path = CGTAIdentifiers.h; sourceTree = "<group>"; };
		BDE896CC1D3B171B00231DC3 /* CGTAIdentifiers.m */ = {isa = PBXFileReference; fileEncoding = 4; lastKnownFileType = sourcecode.c.objc; path = CGTAIdentifiers.m; sourceTree = "<group>"; };
		BDE896CD1D3B171B00231DC3 /* CGTAIdentifiers.swift */ = {isa = PBXFileReference; fileEncoding = 4; lastKnownFileType = sourcecode.swift; path = CGTAIdentifiers.swift; sourceTree = "<group>"; };
		BDE896D01D3B172200231DC3 /* CGTAStrings.h */ = {isa = PBXFileReference; fileEncoding = 4; lastKnownFileType = sourcecode.c.h; path = CGTAStrings.h; sourceTree = "<group>"; };
		BDE896D11D3B172200231DC3 /* CGTAStrings.m */ = {isa = PBXFileReference; fileEncoding = 4; lastKnownFileType = sourcecode.c.objc; path = CGTAStrings.m; sourceTree = "<group>"; };
		BDE896D21D3B172200231DC3 /* CGTAStrings.swift */ = {isa = PBXFileReference; fileEncoding = 4; lastKnownFileType = sourcecode.swift; path = CGTAStrings.swift; sourceTree = "<group>"; };
		BDFA8B1D18CE4EC10087BB74 /* tracfk.ttf */ = {isa = PBXFileReference; lastKnownFileType = file; path = tracfk.ttf; sourceTree = "<group>"; };
/* End PBXFileReference section */

/* Begin PBXFrameworksBuildPhase section */
		A83878D618A0367C00B386D6 /* Frameworks */ = {
			isa = PBXFrameworksBuildPhase;
			buildActionMask = 2147483647;
			files = (
				A881852618A9B512002803FC /* UIKit.framework in Frameworks */,
				A83878DC18A0367C00B386D6 /* CoreGraphics.framework in Frameworks */,
				A83878DA18A0367C00B386D6 /* Foundation.framework in Frameworks */,
			);
			runOnlyForDeploymentPostprocessing = 0;
		};
/* End PBXFrameworksBuildPhase section */

/* Begin PBXGroup section */
		A83878DF18A0367C00B386D6 /* CodeGenTestApp */ = {
			isa = PBXGroup;
			children = (
				A83878E818A0367C00B386D6 /* CGTAAppDelegate.h */,
				A83878E918A0367C00B386D6 /* CGTAAppDelegate.m */,
				A83878EB18A0367C00B386D6 /* Main.storyboard */,
				A83878F418A0367C00B386D6 /* Images.xcassets */,
				A83878EE18A0367C00B386D6 /* CGTAMasterViewController.h */,
				A83878EF18A0367C00B386D6 /* CGTAMasterViewController.m */,
				A83878F118A0367C00B386D6 /* CGTADetailViewController.h */,
				A83878F218A0367C00B386D6 /* CGTADetailViewController.m */,
				A838791718A0456500B386D6 /* Derived Sources */,
				A83878E018A0367C00B386D6 /* Supporting Files */,
			);
			name = CodeGenTestApp;
			sourceTree = SOURCE_ROOT;
		};
		A83878E018A0367C00B386D6 /* Supporting Files */ = {
			isa = PBXGroup;
			children = (
				BDFA8B1D18CE4EC10087BB74 /* tracfk.ttf */,
				A83878E118A0367C00B386D6 /* CodeGenTestApp-Info.plist */,
				A83878E218A0367C00B386D6 /* InfoPlist.strings */,
				A83878E518A0367C00B386D6 /* main.m */,
				A83878E718A0367C00B386D6 /* CodeGenTestApp-Prefix.pch */,
				BD9C6ECA194B7A4F0024E368 /* CodeGenTestApp-Bridging-Header.h */,
				BDE896C31D3B163700231DC3 /* NoTranslation.strings */,
				BD80FDD11B855C9F0014B78B /* Localizable.strings */,
				BDE896A41D3A8D7400231DC3 /* Colors.colors */,
			);
			name = "Supporting Files";
			sourceTree = "<group>";
		};
		A838791718A0456500B386D6 /* Derived Sources */ = {
			isa = PBXGroup;
			children = (
				BD738E0F1947B33A00127B0D /* Catalogs */,
				BD738E111947B33A00127B0D /* Colors */,
				BD738E131947B33A00127B0D /* Fonts */,
				BD738E151947B33A00127B0D /* Identifiers */,
				BD80FE011B862A4C0014B78B /* Strings */,
				A838793418A05B6D00B386D6 /* CGTAImagesCatalog+RuntimeHackery.h */,
				A838793518A05B6D00B386D6 /* CGTAImagesCatalog+RuntimeHackery.m */,
			);
			path = "Derived Sources";
			sourceTree = "<group>";
		};
		A881852818A9B520002803FC /* Products */ = {
			isa = PBXGroup;
			children = (
				A881852E18A9B520002803FC /* objc-assetgen */,
				BD80FDEA1B856E760014B78B /* objc-stringslocalized */,
				A881853218A9B520002803FC /* objc-identifierconstants */,
				BDFA8B1A18CE47970087BB74 /* objc-customfontlist */,
				BDA8B7F9192ABB6F00F18A49 /* objc-assetverify */,
				BDE896A11D3A8BB600231DC3 /* colorlist */,
			);
			name = Products;
			sourceTree = "<group>";
		};
		A89D8FDA17CFFDCE0077F2B5 = {
			isa = PBXGroup;
			children = (
				A83878DF18A0367C00B386D6 /* CodeGenTestApp */,
				A89D8FE517CFFDCE0077F2B5 /* Frameworks */,
				A89D8FE417CFFDCE0077F2B5 /* Products */,
			);
			sourceTree = "<group>";
		};
		A89D8FE417CFFDCE0077F2B5 /* Products */ = {
			isa = PBXGroup;
			children = (
				A83878D918A0367C00B386D6 /* CodeGenTestApp.app */,
			);
			name = Products;
			sourceTree = "<group>";
		};
		A89D8FE517CFFDCE0077F2B5 /* Frameworks */ = {
			isa = PBXGroup;
			children = (
				A881852718A9B520002803FC /* codegenutils.xcodeproj */,
				A881852518A9B512002803FC /* UIKit.framework */,
				A89D8FE617CFFDCE0077F2B5 /* Foundation.framework */,
				A83878DB18A0367C00B386D6 /* CoreGraphics.framework */,
				A83878FB18A0367C00B386D6 /* XCTest.framework */,
			);
			name = Frameworks;
			sourceTree = "<group>";
		};
		BD738E0F1947B33A00127B0D /* Catalogs */ = {
			isa = PBXGroup;
			children = (
				BDE896C61D3B171200231DC3 /* CGTAImages.h */,
				BDE896C71D3B171200231DC3 /* CGTAImages.m */,
				BDE896C81D3B171200231DC3 /* CGTAImages.swift */,
			);
			path = Catalogs;
			sourceTree = "<group>";
		};
		BD738E111947B33A00127B0D /* Colors */ = {
			isa = PBXGroup;
			children = (
				BDE896A61D3A922800231DC3 /* CGTAColors.h */,
				BDE896A71D3A922800231DC3 /* CGTAColors.m */,
				BDE896AF1D3A9A4E00231DC3 /* CGTAColors.swift */,
			);
			path = Colors;
			sourceTree = "<group>";
		};
		BD738E131947B33A00127B0D /* Fonts */ = {
			isa = PBXGroup;
			children = (
				BD80FDEE1B8585E30014B78B /* CGTAFonts.h */,
				BD80FDEF1B8585E30014B78B /* CGTAFonts.m */,
				BDE896AD1D3A9A4800231DC3 /* CGTAFonts.swift */,
			);
			path = Fonts;
			sourceTree = "<group>";
		};
		BD738E151947B33A00127B0D /* Identifiers */ = {
			isa = PBXGroup;
			children = (
				BDE896CB1D3B171B00231DC3 /* CGTAIdentifiers.h */,
				BDE896CC1D3B171B00231DC3 /* CGTAIdentifiers.m */,
				BDE896CD1D3B171B00231DC3 /* CGTAIdentifiers.swift */,
			);
			path = Identifiers;
			sourceTree = "<group>";
		};
		BD80FE011B862A4C0014B78B /* Strings */ = {
			isa = PBXGroup;
			children = (
				BDE896D01D3B172200231DC3 /* CGTAStrings.h */,
				BDE896D11D3B172200231DC3 /* CGTAStrings.m */,
				BDE896D21D3B172200231DC3 /* CGTAStrings.swift */,
			);
			path = Strings;
			sourceTree = "<group>";
		};
/* End PBXGroup section */

/* Begin PBXNativeTarget section */
		A83878D818A0367C00B386D6 /* CodeGenTestApp */ = {
			isa = PBXNativeTarget;
			buildConfigurationList = A838790D18A0367D00B386D6 /* Build configuration list for PBXNativeTarget "CodeGenTestApp" */;
			buildPhases = (
				A838791318A043D300B386D6 /* Run Script */,
				A83878D518A0367C00B386D6 /* Sources */,
				A83878D618A0367C00B386D6 /* Frameworks */,
				A83878D718A0367C00B386D6 /* Resources */,
			);
			buildRules = (
			);
			dependencies = (
				BDE896A31D3A8BCF00231DC3 /* PBXTargetDependency */,
				BD80FDE71B856E760014B78B /* PBXTargetDependency */,
				BDA8B7FB192ABC6400F18A49 /* PBXTargetDependency */,
				BDFA8B1718CE47970087BB74 /* PBXTargetDependency */,
				A881853418A9B53F002803FC /* PBXTargetDependency */,
				A881853818A9B53F002803FC /* PBXTargetDependency */,
			);
			name = CodeGenTestApp;
			productName = CodeGenTestApp;
			productReference = A83878D918A0367C00B386D6 /* CodeGenTestApp.app */;
			productType = "com.apple.product-type.application";
		};
/* End PBXNativeTarget section */

/* Begin PBXProject section */
		A89D8FDB17CFFDCE0077F2B5 /* Project object */ = {
			isa = PBXProject;
			attributes = {
				LastUpgradeCheck = 0730;
				ORGANIZATIONNAME = "Square, Inc";
			};
			buildConfigurationList = A89D8FDE17CFFDCE0077F2B5 /* Build configuration list for PBXProject "CodeGenTestApp" */;
			compatibilityVersion = "Xcode 3.2";
			developmentRegion = English;
			hasScannedForEncodings = 0;
			knownRegions = (
				en,
				Base,
				fr,
			);
			mainGroup = A89D8FDA17CFFDCE0077F2B5;
			productRefGroup = A89D8FE417CFFDCE0077F2B5 /* Products */;
			projectDirPath = "";
			projectReferences = (
				{
					ProductGroup = A881852818A9B520002803FC /* Products */;
					ProjectRef = A881852718A9B520002803FC /* codegenutils.xcodeproj */;
				},
			);
			projectRoot = "";
			targets = (
				A83878D818A0367C00B386D6 /* CodeGenTestApp */,
			);
		};
/* End PBXProject section */

/* Begin PBXReferenceProxy section */
		A881852E18A9B520002803FC /* objc-assetgen */ = {
			isa = PBXReferenceProxy;
			fileType = "compiled.mach-o.executable";
			path = "objc-assetgen";
			remoteRef = A881852D18A9B520002803FC /* PBXContainerItemProxy */;
			sourceTree = BUILT_PRODUCTS_DIR;
		};
		A881853218A9B520002803FC /* objc-identifierconstants */ = {
			isa = PBXReferenceProxy;
			fileType = "compiled.mach-o.executable";
			path = "objc-identifierconstants";
			remoteRef = A881853118A9B520002803FC /* PBXContainerItemProxy */;
			sourceTree = BUILT_PRODUCTS_DIR;
		};
		BD80FDEA1B856E760014B78B /* objc-stringslocalized */ = {
			isa = PBXReferenceProxy;
			fileType = "compiled.mach-o.executable";
			path = "objc-stringslocalized";
			remoteRef = BD80FDE91B856E760014B78B /* PBXContainerItemProxy */;
			sourceTree = BUILT_PRODUCTS_DIR;
		};
		BDA8B7F9192ABB6F00F18A49 /* objc-assetverify */ = {
			isa = PBXReferenceProxy;
			fileType = "compiled.mach-o.executable";
			path = "objc-assetverify";
			remoteRef = BDA8B7F8192ABB6F00F18A49 /* PBXContainerItemProxy */;
			sourceTree = BUILT_PRODUCTS_DIR;
		};
		BDE896A11D3A8BB600231DC3 /* colorlist */ = {
			isa = PBXReferenceProxy;
			fileType = "compiled.mach-o.executable";
			path = colorlist;
			remoteRef = BDE896A01D3A8BB600231DC3 /* PBXContainerItemProxy */;
			sourceTree = BUILT_PRODUCTS_DIR;
		};
		BDFA8B1A18CE47970087BB74 /* objc-customfontlist */ = {
			isa = PBXReferenceProxy;
			fileType = "compiled.mach-o.executable";
			path = "objc-customfontlist";
			remoteRef = BDFA8B1918CE47970087BB74 /* PBXContainerItemProxy */;
			sourceTree = BUILT_PRODUCTS_DIR;
		};
/* End PBXReferenceProxy section */

/* Begin PBXResourcesBuildPhase section */
		A83878D718A0367C00B386D6 /* Resources */ = {
			isa = PBXResourcesBuildPhase;
			buildActionMask = 2147483647;
			files = (
				BD80FDCF1B855C9F0014B78B /* Localizable.strings in Resources */,
				A881854418A9B663002803FC /* Main.storyboard in Resources */,
				A881853A18A9B614002803FC /* Images.xcassets in Resources */,
				BDE896C51D3B163700231DC3 /* NoTranslation.strings in Resources */,
				BDFA8B1E18CE4EC10087BB74 /* tracfk.ttf in Resources */,
				A83878E418A0367C00B386D6 /* InfoPlist.strings in Resources */,
			);
			runOnlyForDeploymentPostprocessing = 0;
		};
/* End PBXResourcesBuildPhase section */

/* Begin PBXShellScriptBuildPhase section */
		A838791318A043D300B386D6 /* Run Script */ = {
			isa = PBXShellScriptBuildPhase;
			buildActionMask = 2147483647;
			files = (
			);
			inputPaths = (
			);
			name = "Run Script";
			outputPaths = (
			);
			runOnlyForDeploymentPostprocessing = 0;
			shellPath = /bin/sh;
			shellScript = "DERIVED_SOURCES=\"$SRCROOT/Derived Sources\"\nTOOL_PATH=\"$BUILD_ROOT/$CONFIGURATION\"\n\nIDENTIFIERS_PATH=\"$DERIVED_SOURCES/Identifiers\"\nCATALOGS_PATH=\"$DERIVED_SOURCES/Catalogs\"\nFONTS_PATH=\"$DERIVED_SOURCES/Fonts\"\nCOLORS_PATH=\"$DERIVED_SOURCES/Colors\"\nVERIFY_PATH=\"$DERIVED_SOURCES/Verify\"\nSTRINGS_PATH=\"$DERIVED_SOURCES/Strings\"\n\nrm -rf \"$IDENTIFIERS_PATH\"\nrm -rf \"$CATALOGS_PATH\"\nrm -rf \"$FONTS_PATH\"\nrm -rf \"$COLORS_PATH\"\nrm -rf \"$VERIFY_PATH\"\nrm -rf \"$STRINGS_PATH\"\nmkdir -p \"$IDENTIFIERS_PATH\"\nmkdir -p \"$CATALOGS_PATH\"\nmkdir -p \"$FONTS_PATH\"\nmkdir -p \"$COLORS_PATH\"\nmkdir -p \"$VERIFY_PATH\"\nmkdir -p \"$STRINGS_PATH\"\n\n\"$TOOL_PATH/assetverify\" -f \"$SRCROOT\" -o \"$CATALOGS_PATH\" -p CGTA\n\"$TOOL_PATH/assetgen\" -f \"$SRCROOT\" -o \"$CATALOGS_PATH\" -p CGTA -objc\n\"$TOOL_PATH/assetgen\" -f \"$SRCROOT\" -o \"$CATALOGS_PATH\" -p CGTA\n\"$TOOL_PATH/identifierconstants\" -f \"$SRCROOT\" -o \"$IDENTIFIERS_PATH\" -p CGTA -objc\n\"$TOOL_PATH/identifierconstants\" -f \"$SRCROOT\" -o \"$IDENTIFIERS_PATH\" -p CGTA\n\"$TOOL_PATH/customfontlist\" -f \"$SRCROOT\" -o \"$FONTS_PATH\" -p CGTA -objc\n\"$TOOL_PATH/customfontlist\" -f \"$SRCROOT\" -o \"$FONTS_PATH\" -p CGTA\n\"$TOOL_PATH/colorlist\" -f \"$SRCROOT\" -o \"$COLORS_PATH\" -p CGTA -objc\n\"$TOOL_PATH/colorlist\" -f \"$SRCROOT\" -o \"$COLORS_PATH\" -p CGTA\n\"$TOOL_PATH/stringslocalized\" -f \"$SRCROOT\" -o \"$STRINGS_PATH\" -p CGTA -objc\n\"$TOOL_PATH/stringslocalized\" -f \"$SRCROOT\" -o \"$STRINGS_PATH\" -p CGTA\n";
		};
/* End PBXShellScriptBuildPhase section */

/* Begin PBXSourcesBuildPhase section */
		A83878D518A0367C00B386D6 /* Sources */ = {
			isa = PBXSourcesBuildPhase;
			buildActionMask = 2147483647;
			files = (
				BDE896CA1D3B171200231DC3 /* CGTAImages.swift in Sources */,
				A881853918A9B609002803FC /* CGTAAppDelegate.m in Sources */,
				A881853C18A9B622002803FC /* CGTAMasterViewController.m in Sources */,
				BD80FDF01B8585E30014B78B /* CGTAFonts.m in Sources */,
				BDE896D31D3B172200231DC3 /* CGTAStrings.m in Sources */,
				BDE896B01D3A9A4E00231DC3 /* CGTAColors.swift in Sources */,
				BDE896A81D3A922800231DC3 /* CGTAColors.m in Sources */,
				A881854118A9B622002803FC /* CGTAImagesCatalog+RuntimeHackery.m in Sources */,
				BDE896CF1D3B171B00231DC3 /* CGTAIdentifiers.swift in Sources */,
				A881854218A9B622002803FC /* main.m in Sources */,
				A881853D18A9B622002803FC /* CGTADetailViewController.m in Sources */,
				BDE896AE1D3A9A4800231DC3 /* CGTAFonts.swift in Sources */,
				BDE896D41D3B172200231DC3 /* CGTAStrings.swift in Sources */,
				BDE896CE1D3B171B00231DC3 /* CGTAIdentifiers.m in Sources */,
				BDE896C91D3B171200231DC3 /* CGTAImages.m in Sources */,
			);
			runOnlyForDeploymentPostprocessing = 0;
		};
/* End PBXSourcesBuildPhase section */

/* Begin PBXTargetDependency section */
		A881853418A9B53F002803FC /* PBXTargetDependency */ = {
			isa = PBXTargetDependency;
			name = assetgen;
			targetProxy = A881853318A9B53F002803FC /* PBXContainerItemProxy */;
		};
		A881853818A9B53F002803FC /* PBXTargetDependency */ = {
			isa = PBXTargetDependency;
			name = identifierconstants;
			targetProxy = A881853718A9B53F002803FC /* PBXContainerItemProxy */;
		};
		BD80FDE71B856E760014B78B /* PBXTargetDependency */ = {
			isa = PBXTargetDependency;
			name = stringslocalized;
			targetProxy = BD80FDE61B856E760014B78B /* PBXContainerItemProxy */;
		};
		BDA8B7FB192ABC6400F18A49 /* PBXTargetDependency */ = {
			isa = PBXTargetDependency;
			name = assetverify;
			targetProxy = BDA8B7FA192ABC6400F18A49 /* PBXContainerItemProxy */;
		};
		BDE896A31D3A8BCF00231DC3 /* PBXTargetDependency */ = {
			isa = PBXTargetDependency;
			name = colorlist;
			targetProxy = BDE896A21D3A8BCF00231DC3 /* PBXContainerItemProxy */;
		};
		BDFA8B1718CE47970087BB74 /* PBXTargetDependency */ = {
			isa = PBXTargetDependency;
			name = customfontlist;
			targetProxy = BDFA8B1618CE47970087BB74 /* PBXContainerItemProxy */;
		};
/* End PBXTargetDependency section */

/* Begin PBXVariantGroup section */
		A83878E218A0367C00B386D6 /* InfoPlist.strings */ = {
			isa = PBXVariantGroup;
			children = (
				A83878E318A0367C00B386D6 /* en */,
			);
			name = InfoPlist.strings;
			sourceTree = "<group>";
		};
		A83878EB18A0367C00B386D6 /* Main.storyboard */ = {
			isa = PBXVariantGroup;
			children = (
				A83878EC18A0367C00B386D6 /* Base */,
			);
			name = Main.storyboard;
			sourceTree = "<group>";
		};
		BD80FDD11B855C9F0014B78B /* Localizable.strings */ = {
			isa = PBXVariantGroup;
			children = (
				BD80FDD01B855C9F0014B78B /* Base */,
				BD80FDF41B858D800014B78B /* fr */,
			);
			name = Localizable.strings;
			sourceTree = "<group>";
		};
		BDE896C31D3B163700231DC3 /* NoTranslation.strings */ = {
			isa = PBXVariantGroup;
			children = (
				BDE896C41D3B163700231DC3 /* Base */,
			);
			name = NoTranslation.strings;
			sourceTree = "<group>";
		};
/* End PBXVariantGroup section */

/* Begin XCBuildConfiguration section */
		A838790918A0367D00B386D6 /* Debug */ = {
			isa = XCBuildConfiguration;
			buildSettings = {
				ASSETCATALOG_COMPILER_APPICON_NAME = AppIcon;
				ASSETCATALOG_COMPILER_LAUNCHIMAGE_NAME = LaunchImage;
				CLANG_ENABLE_MODULES = YES;
				"CODE_SIGN_IDENTITY[sdk=iphoneos*]" = "iPhone Developer";
				FRAMEWORK_SEARCH_PATHS = (
					"$(inherited)",
					"$(DEVELOPER_FRAMEWORKS_DIR)",
				);
				GCC_PRECOMPILE_PREFIX_HEADER = YES;
				GCC_PREFIX_HEADER = "CodeGenTestApp-Prefix.pch";
				GCC_PREPROCESSOR_DEFINITIONS = (
					"DEBUG=1",
					"$(inherited)",
				);
				INFOPLIST_FILE = "CodeGenTestApp-Info.plist";
				IPHONEOS_DEPLOYMENT_TARGET = 7.0;
				LD_RUNPATH_SEARCH_PATHS = "$(inherited) @executable_path/Frameworks";
				PRODUCT_BUNDLE_IDENTIFIER = "com.squareup.${PRODUCT_NAME:rfc1034identifier}";
				PRODUCT_NAME = "$(TARGET_NAME)";
				SDKROOT = iphoneos;
				SWIFT_OBJC_BRIDGING_HEADER = "CodeGenTestApp-Bridging-Header.h";
				SWIFT_OPTIMIZATION_LEVEL = "-Onone";
				WRAPPER_EXTENSION = app;
			};
			name = Debug;
		};
		A838790A18A0367D00B386D6 /* Release */ = {
			isa = XCBuildConfiguration;
			buildSettings = {
				ASSETCATALOG_COMPILER_APPICON_NAME = AppIcon;
				ASSETCATALOG_COMPILER_LAUNCHIMAGE_NAME = LaunchImage;
				CLANG_ENABLE_MODULES = YES;
				"CODE_SIGN_IDENTITY[sdk=iphoneos*]" = "iPhone Developer";
				FRAMEWORK_SEARCH_PATHS = (
					"$(inherited)",
					"$(DEVELOPER_FRAMEWORKS_DIR)",
				);
				GCC_PRECOMPILE_PREFIX_HEADER = YES;
				GCC_PREFIX_HEADER = "CodeGenTestApp-Prefix.pch";
				INFOPLIST_FILE = "CodeGenTestApp-Info.plist";
				IPHONEOS_DEPLOYMENT_TARGET = 7.0;
				LD_RUNPATH_SEARCH_PATHS = "$(inherited) @executable_path/Frameworks";
				PRODUCT_BUNDLE_IDENTIFIER = "com.squareup.${PRODUCT_NAME:rfc1034identifier}";
				PRODUCT_NAME = "$(TARGET_NAME)";
				SDKROOT = iphoneos;
				SWIFT_OBJC_BRIDGING_HEADER = "CodeGenTestApp-Bridging-Header.h";
				VALIDATE_PRODUCT = YES;
				WRAPPER_EXTENSION = app;
			};
			name = Release;
		};
		A89D8FEF17CFFDCE0077F2B5 /* Debug */ = {
			isa = XCBuildConfiguration;
			buildSettings = {
				ALWAYS_SEARCH_USER_PATHS = NO;
				CLANG_CXX_LANGUAGE_STANDARD = "gnu++0x";
				CLANG_CXX_LIBRARY = "libc++";
				CLANG_ENABLE_MODULES = YES;
				CLANG_ENABLE_OBJC_ARC = YES;
				CLANG_WARN_BOOL_CONVERSION = YES;
				CLANG_WARN_CONSTANT_CONVERSION = YES;
				CLANG_WARN_DIRECT_OBJC_ISA_USAGE = YES_ERROR;
				CLANG_WARN_EMPTY_BODY = YES;
				CLANG_WARN_ENUM_CONVERSION = YES;
				CLANG_WARN_INT_CONVERSION = YES;
				CLANG_WARN_OBJC_ROOT_CLASS = YES_ERROR;
				CLANG_WARN__DUPLICATE_METHOD_MATCH = YES;
				COPY_PHASE_STRIP = NO;
				ENABLE_TESTABILITY = YES;
				GCC_C_LANGUAGE_STANDARD = gnu99;
				GCC_DYNAMIC_NO_PIC = NO;
				GCC_ENABLE_OBJC_EXCEPTIONS = YES;
				GCC_OPTIMIZATION_LEVEL = 0;
				GCC_PREPROCESSOR_DEFINITIONS = (
					"DEBUG=1",
					"$(inherited)",
				);
				GCC_SYMBOLS_PRIVATE_EXTERN = NO;
				GCC_WARN_64_TO_32_BIT_CONVERSION = YES;
				GCC_WARN_ABOUT_RETURN_TYPE = YES_ERROR;
				GCC_WARN_UNDECLARED_SELECTOR = YES;
				GCC_WARN_UNINITIALIZED_AUTOS = YES;
				GCC_WARN_UNUSED_FUNCTION = YES;
				GCC_WARN_UNUSED_VARIABLE = YES;
				MACOSX_DEPLOYMENT_TARGET = 10.8;
				ONLY_ACTIVE_ARCH = YES;
				SDKROOT = iphoneos;
			};
			name = Debug;
		};
		A89D8FF017CFFDCE0077F2B5 /* Release */ = {
			isa = XCBuildConfiguration;
			buildSettings = {
				ALWAYS_SEARCH_USER_PATHS = NO;
				CLANG_CXX_LANGUAGE_STANDARD = "gnu++0x";
				CLANG_CXX_LIBRARY = "libc++";
				CLANG_ENABLE_MODULES = YES;
				CLANG_ENABLE_OBJC_ARC = YES;
				CLANG_WARN_BOOL_CONVERSION = YES;
				CLANG_WARN_CONSTANT_CONVERSION = YES;
				CLANG_WARN_DIRECT_OBJC_ISA_USAGE = YES_ERROR;
				CLANG_WARN_EMPTY_BODY = YES;
				CLANG_WARN_ENUM_CONVERSION = YES;
				CLANG_WARN_INT_CONVERSION = YES;
				CLANG_WARN_OBJC_ROOT_CLASS = YES_ERROR;
				CLANG_WARN__DUPLICATE_METHOD_MATCH = YES;
				COPY_PHASE_STRIP = YES;
				DEBUG_INFORMATION_FORMAT = "dwarf-with-dsym";
				ENABLE_NS_ASSERTIONS = NO;
				GCC_C_LANGUAGE_STANDARD = gnu99;
				GCC_ENABLE_OBJC_EXCEPTIONS = YES;
				GCC_WARN_64_TO_32_BIT_CONVERSION = YES;
				GCC_WARN_ABOUT_RETURN_TYPE = YES_ERROR;
				GCC_WARN_UNDECLARED_SELECTOR = YES;
				GCC_WARN_UNINITIALIZED_AUTOS = YES;
				GCC_WARN_UNUSED_FUNCTION = YES;
				GCC_WARN_UNUSED_VARIABLE = YES;
				MACOSX_DEPLOYMENT_TARGET = 10.8;
				SDKROOT = iphoneos;
			};
			name = Release;
		};
/* End XCBuildConfiguration section */

/* Begin XCConfigurationList section */
		A838790D18A0367D00B386D6 /* Build configuration list for PBXNativeTarget "CodeGenTestApp" */ = {
			isa = XCConfigurationList;
			buildConfigurations = (
				A838790918A0367D00B386D6 /* Debug */,
				A838790A18A0367D00B386D6 /* Release */,
			);
			defaultConfigurationIsVisible = 0;
			defaultConfigurationName = Release;
		};
		A89D8FDE17CFFDCE0077F2B5 /* Build configuration list for PBXProject "CodeGenTestApp" */ = {
			isa = XCConfigurationList;
			buildConfigurations = (
				A89D8FEF17CFFDCE0077F2B5 /* Debug */,
				A89D8FF017CFFDCE0077F2B5 /* Release */,
			);
			defaultConfigurationIsVisible = 0;
			defaultConfigurationName = Release;
		};
/* End XCConfigurationList section */
	};
	rootObject = A89D8FDB17CFFDCE0077F2B5 /* Project object */;
}
